PODS:
  - AWSCore (2.5.2)
  - AWSRekognition (2.5.2):
    - AWSCore (= 2.5.2)
  - SnapKit (3.2.0)

DEPENDENCIES:
  - AWSRekognition
  - SnapKit

SPEC CHECKSUMS:
  AWSCore: b2fe455c2c7d6653521238c5b0b0ddb67ec4f063
  AWSRekognition: 3e4af236a7787336ae3d68378fa757927664095b
  SnapKit: 1ca44df72cfa543218d177cb8aab029d10d86ea7

PODFILE CHECKSUM: bfce5a6fa3b1c520aa7521ad5f263072a8c990ed

COCOAPODS: 1.2.0
