// !$*UTF8*$!
{
	archiveVersion = 1;
	classes = {
	};
	objectVersion = 46;
	objects = {

/* Begin PBXBuildFile section */
		95EB2940F1379D2577264F79 /* Pods_Selfie_Bot.framework in Frameworks */ = {isa = PBXBuildFile; fileRef = 706B9E16A24E85F7D7DB92E3 /* Pods_Selfie_Bot.framework */; };
		AEBD411337C700AE987DBBB5 /* AnalysisView.swift in Sources */ = {isa = PBXBuildFile; fileRef = AEBD439F7DC7376AFD167A3D /* AnalysisView.swift */; };
		DB1D77941E5C755A00C82170 /* Snap.dae in Resources */ = {isa = PBXBuildFile; fileRef = DB1D77931E5C755A00C82170 /* Snap.dae */; };
		DB1D77971E5C80B000C82170 /* UIImage+Orientation.swift in Sources */ = {isa = PBXBuildFile; fileRef = DB1D77961E5C80B000C82170 /* UIImage+Orientation.swift */; };
		DB1D779A1E5DB5CF00C82170 /* ChatView.swift in Sources */ = {isa = PBXBuildFile; fileRef = DB1D77991E5DB5CF00C82170 /* ChatView.swift */; };
		DB1D779D1E5DC70400C82170 /* SelfieBotState.swift in Sources */ = {isa = PBXBuildFile; fileRef = DB1D779C1E5DC70400C82170 /* SelfieBotState.swift */; };
		DB1D77A01E5DC7EA00C82170 /* AppState.swift in Sources */ = {isa = PBXBuildFile; fileRef = DB1D779F1E5DC7EA00C82170 /* AppState.swift */; };
		DB3A050E1E56BD2B0062CBA3 /* AppDelegate.swift in Sources */ = {isa = PBXBuildFile; fileRef = DB3A050D1E56BD2B0062CBA3 /* AppDelegate.swift */; };
		DB3A05101E56BD2B0062CBA3 /* ViewController.swift in Sources */ = {isa = PBXBuildFile; fileRef = DB3A050F1E56BD2B0062CBA3 /* ViewController.swift */; };
		DB3A05151E56BD2B0062CBA3 /* Assets.xcassets in Resources */ = {isa = PBXBuildFile; fileRef = DB3A05141E56BD2B0062CBA3 /* Assets.xcassets */; };
		DB3A05181E56BD2B0062CBA3 /* LaunchScreen.storyboard in Resources */ = {isa = PBXBuildFile; fileRef = DB3A05161E56BD2B0062CBA3 /* LaunchScreen.storyboard */; };
		DB3A055E1E570A090062CBA3 /* SelfieBotView.swift in Sources */ = {isa = PBXBuildFile; fileRef = DB3A055D1E570A090062CBA3 /* SelfieBotView.swift */; };
		DB7946221E599E0800E25E82 /* SelfieBot.scn in Resources */ = {isa = PBXBuildFile; fileRef = DB7946211E599E0800E25E82 /* SelfieBot.scn */; };
		DB7946241E599E9E00E25E82 /* SelfieBotBaseColor.png in Resources */ = {isa = PBXBuildFile; fileRef = DB7946231E599E9E00E25E82 /* SelfieBotBaseColor.png */; };
		DB7946261E59A1F100E25E82 /* SelfieBot.dae in Resources */ = {isa = PBXBuildFile; fileRef = DB7946251E59A1F100E25E82 /* SelfieBot.dae */; };
		DB7946291E59CA1B00E25E82 /* SelfieBotCustomActions.swift in Sources */ = {isa = PBXBuildFile; fileRef = DB7946281E59CA1B00E25E82 /* SelfieBotCustomActions.swift */; };
		DB79462E1E59DA5300E25E82 /* GradientView.swift in Sources */ = {isa = PBXBuildFile; fileRef = DB79462B1E59DA5300E25E82 /* GradientView.swift */; };
		DB79462F1E59DA5300E25E82 /* PXPColorSpace.swift in Sources */ = {isa = PBXBuildFile; fileRef = DB79462C1E59DA5300E25E82 /* PXPColorSpace.swift */; };
		DB7946301E59DA5300E25E82 /* PXPGradientColor.swift in Sources */ = {isa = PBXBuildFile; fileRef = DB79462D1E59DA5300E25E82 /* PXPGradientColor.swift */; };
		F60A8A0A1E5EEF00009F0B58 /* ConfidenceBar.swift in Sources */ = {isa = PBXBuildFile; fileRef = F60A8A091E5EEF00009F0B58 /* ConfidenceBar.swift */; };
		F68C6CA81E5AB35F0078C790 /* identityPoolID.txt in Resources */ = {isa = PBXBuildFile; fileRef = F68C6CA71E5AB35F0078C790 /* identityPoolID.txt */; };
		F6B3E1151E56D668002CFF41 /* testImage.jpg in Resources */ = {isa = PBXBuildFile; fileRef = F6B3E1141E56D668002CFF41 /* testImage.jpg */; };
		F6B3E1171E57125F002CFF41 /* RekognitionManager.swift in Sources */ = {isa = PBXBuildFile; fileRef = F6B3E1161E57125F002CFF41 /* RekognitionManager.swift */; };
/* End PBXBuildFile section */

/* Begin PBXFileReference section */
		06D8BB993DD9AA94B0F97A39 /* Pods-Selfie-Bot.release.xcconfig */ = {isa = PBXFileReference; includeInIndex = 1; lastKnownFileType = text.xcconfig; name = "Pods-Selfie-Bot.release.xcconfig"; path = "Pods/Target Support Files/Pods-Selfie-Bot/Pods-Selfie-Bot.release.xcconfig"; sourceTree = "<group>"; };
		706B9E16A24E85F7D7DB92E3 /* Pods_Selfie_Bot.framework */ = {isa = PBXFileReference; explicitFileType = wrapper.framework; includeInIndex = 0; path = Pods_Selfie_Bot.framework; sourceTree = BUILT_PRODUCTS_DIR; };
		AEBD439F7DC7376AFD167A3D /* AnalysisView.swift */ = {isa = PBXFileReference; fileEncoding = 4; lastKnownFileType = sourcecode.swift; path = AnalysisView.swift; sourceTree = "<group>"; };
		DB1D77931E5C755A00C82170 /* Snap.dae */ = {isa = PBXFileReference; fileEncoding = 4; lastKnownFileType = text.xml.dae; path = Snap.dae; sourceTree = "<group>"; };
		DB1D77961E5C80B000C82170 /* UIImage+Orientation.swift */ = {isa = PBXFileReference; fileEncoding = 4; lastKnownFileType = sourcecode.swift; path = "UIImage+Orientation.swift"; sourceTree = "<group>"; };
		DB1D77991E5DB5CF00C82170 /* ChatView.swift */ = {isa = PBXFileReference; fileEncoding = 4; lastKnownFileType = sourcecode.swift; path = ChatView.swift; sourceTree = "<group>"; };
		DB1D779C1E5DC70400C82170 /* SelfieBotState.swift */ = {isa = PBXFileReference; fileEncoding = 4; lastKnownFileType = sourcecode.swift; path = SelfieBotState.swift; sourceTree = "<group>"; };
		DB1D779F1E5DC7EA00C82170 /* AppState.swift */ = {isa = PBXFileReference; fileEncoding = 4; lastKnownFileType = sourcecode.swift; path = AppState.swift; sourceTree = "<group>"; };
		DB3A050A1E56BD2B0062CBA3 /* Selfie-Bot.app */ = {isa = PBXFileReference; explicitFileType = wrapper.application; includeInIndex = 0; path = "Selfie-Bot.app"; sourceTree = BUILT_PRODUCTS_DIR; };
		DB3A050D1E56BD2B0062CBA3 /* AppDelegate.swift */ = {isa = PBXFileReference; lastKnownFileType = sourcecode.swift; path = AppDelegate.swift; sourceTree = "<group>"; };
		DB3A050F1E56BD2B0062CBA3 /* ViewController.swift */ = {isa = PBXFileReference; lastKnownFileType = sourcecode.swift; path = ViewController.swift; sourceTree = "<group>"; };
		DB3A05141E56BD2B0062CBA3 /* Assets.xcassets */ = {isa = PBXFileReference; lastKnownFileType = folder.assetcatalog; path = Assets.xcassets; sourceTree = "<group>"; };
		DB3A05171E56BD2B0062CBA3 /* Base */ = {isa = PBXFileReference; lastKnownFileType = file.storyboard; name = Base; path = Base.lproj/LaunchScreen.storyboard; sourceTree = "<group>"; };
		DB3A05191E56BD2B0062CBA3 /* Info.plist */ = {isa = PBXFileReference; lastKnownFileType = text.plist.xml; path = Info.plist; sourceTree = "<group>"; };
		DB3A055D1E570A090062CBA3 /* SelfieBotView.swift */ = {isa = PBXFileReference; fileEncoding = 4; lastKnownFileType = sourcecode.swift; path = SelfieBotView.swift; sourceTree = "<group>"; };
		DB7946211E599E0800E25E82 /* SelfieBot.scn */ = {isa = PBXFileReference; lastKnownFileType = file.bplist; path = SelfieBot.scn; sourceTree = "<group>"; };
		DB7946231E599E9E00E25E82 /* SelfieBotBaseColor.png */ = {isa = PBXFileReference; lastKnownFileType = image.png; path = SelfieBotBaseColor.png; sourceTree = "<group>"; };
		DB7946251E59A1F100E25E82 /* SelfieBot.dae */ = {isa = PBXFileReference; fileEncoding = 4; lastKnownFileType = text.xml.dae; path = SelfieBot.dae; sourceTree = "<group>"; };
		DB7946281E59CA1B00E25E82 /* SelfieBotCustomActions.swift */ = {isa = PBXFileReference; fileEncoding = 4; lastKnownFileType = sourcecode.swift; path = SelfieBotCustomActions.swift; sourceTree = "<group>"; };
		DB79462B1E59DA5300E25E82 /* GradientView.swift */ = {isa = PBXFileReference; fileEncoding = 4; lastKnownFileType = sourcecode.swift; path = GradientView.swift; sourceTree = "<group>"; };
		DB79462C1E59DA5300E25E82 /* PXPColorSpace.swift */ = {isa = PBXFileReference; fileEncoding = 4; lastKnownFileType = sourcecode.swift; path = PXPColorSpace.swift; sourceTree = "<group>"; };
		DB79462D1E59DA5300E25E82 /* PXPGradientColor.swift */ = {isa = PBXFileReference; fileEncoding = 4; lastKnownFileType = sourcecode.swift; path = PXPGradientColor.swift; sourceTree = "<group>"; };
		F60A8A091E5EEF00009F0B58 /* ConfidenceBar.swift */ = {isa = PBXFileReference; fileEncoding = 4; lastKnownFileType = sourcecode.swift; path = ConfidenceBar.swift; sourceTree = "<group>"; };
		F68C6CA71E5AB35F0078C790 /* identityPoolID.txt */ = {isa = PBXFileReference; fileEncoding = 4; lastKnownFileType = text; path = identityPoolID.txt; sourceTree = "<group>"; };
		F6B3E1141E56D668002CFF41 /* testImage.jpg */ = {isa = PBXFileReference; lastKnownFileType = image.jpeg; path = testImage.jpg; sourceTree = "<group>"; };
		F6B3E1161E57125F002CFF41 /* RekognitionManager.swift */ = {isa = PBXFileReference; fileEncoding = 4; lastKnownFileType = sourcecode.swift; path = RekognitionManager.swift; sourceTree = "<group>"; };
		F9751EE0EE157BEF94368CA1 /* Pods-Selfie-Bot.debug.xcconfig */ = {isa = PBXFileReference; includeInIndex = 1; lastKnownFileType = text.xcconfig; name = "Pods-Selfie-Bot.debug.xcconfig"; path = "Pods/Target Support Files/Pods-Selfie-Bot/Pods-Selfie-Bot.debug.xcconfig"; sourceTree = "<group>"; };
/* End PBXFileReference section */

/* Begin PBXFrameworksBuildPhase section */
		DB3A05071E56BD2B0062CBA3 /* Frameworks */ = {
			isa = PBXFrameworksBuildPhase;
			buildActionMask = 2147483647;
			files = (
				95EB2940F1379D2577264F79 /* Pods_Selfie_Bot.framework in Frameworks */,
			);
			runOnlyForDeploymentPostprocessing = 0;
		};
/* End PBXFrameworksBuildPhase section */

/* Begin PBXGroup section */
		D3872A8AA59C55518B46D6AF /* Frameworks */ = {
			isa = PBXGroup;
			children = (
				706B9E16A24E85F7D7DB92E3 /* Pods_Selfie_Bot.framework */,
			);
			name = Frameworks;
			sourceTree = "<group>";
		};
		DB1D77951E5C80A300C82170 /* Image */ = {
			isa = PBXGroup;
			children = (
				DB1D77961E5C80B000C82170 /* UIImage+Orientation.swift */,
			);
			path = Image;
			sourceTree = "<group>";
		};
		DB1D779B1E5DB60600C82170 /* Personality */ = {
			isa = PBXGroup;
			children = (
				DB1D779C1E5DC70400C82170 /* SelfieBotState.swift */,
			);
			path = Personality;
			sourceTree = "<group>";
		};
		DB1D779E1E5DC77900C82170 /* State */ = {
			isa = PBXGroup;
			children = (
				DB1D779F1E5DC7EA00C82170 /* AppState.swift */,
			);
			path = State;
			sourceTree = "<group>";
		};
		DB3A05011E56BD2B0062CBA3 = {
			isa = PBXGroup;
			children = (
				DB3A050C1E56BD2B0062CBA3 /* Selfie-Bot */,
				DB3A050B1E56BD2B0062CBA3 /* Products */,
				DDDC4A8CBBA3C548D87132BB /* Pods */,
				D3872A8AA59C55518B46D6AF /* Frameworks */,
			);
			sourceTree = "<group>";
		};
		DB3A050B1E56BD2B0062CBA3 /* Products */ = {
			isa = PBXGroup;
			children = (
				DB3A050A1E56BD2B0062CBA3 /* Selfie-Bot.app */,
			);
			name = Products;
			sourceTree = "<group>";
		};
		DB3A050C1E56BD2B0062CBA3 /* Selfie-Bot */ = {
			isa = PBXGroup;
			children = (
				DB1D77951E5C80A300C82170 /* Image */,
				DB1D779E1E5DC77900C82170 /* State */,
				DB1D779B1E5DB60600C82170 /* Personality */,
				DB7946271E59CA0400E25E82 /* Actions */,
				DB3A055C1E5709EC0062CBA3 /* Views */,
				DB3A050D1E56BD2B0062CBA3 /* AppDelegate.swift */,
				DB3A050F1E56BD2B0062CBA3 /* ViewController.swift */,
				F6B3E1141E56D668002CFF41 /* testImage.jpg */,
				DB3A05141E56BD2B0062CBA3 /* Assets.xcassets */,
				DB7946211E599E0800E25E82 /* SelfieBot.scn */,
				DB1D77931E5C755A00C82170 /* Snap.dae */,
				DB7946251E59A1F100E25E82 /* SelfieBot.dae */,
				DB7946231E599E9E00E25E82 /* SelfieBotBaseColor.png */,
				DB3A05161E56BD2B0062CBA3 /* LaunchScreen.storyboard */,
				DB3A05191E56BD2B0062CBA3 /* Info.plist */,
				F6B3E1161E57125F002CFF41 /* RekognitionManager.swift */,
				F68C6CA71E5AB35F0078C790 /* identityPoolID.txt */,
			);
			path = "Selfie-Bot";
			sourceTree = "<group>";
		};
		DB3A055C1E5709EC0062CBA3 /* Views */ = {
			isa = PBXGroup;
			children = (
				DB79462A1E59DA5300E25E82 /* Decorative */,
				DB3A055D1E570A090062CBA3 /* SelfieBotView.swift */,
				DB1D77991E5DB5CF00C82170 /* ChatView.swift */,
				AEBD439F7DC7376AFD167A3D /* AnalysisView.swift */,
				F60A8A091E5EEF00009F0B58 /* ConfidenceBar.swift */,
			);
			path = Views;
			sourceTree = "<group>";
		};
		DB7946271E59CA0400E25E82 /* Actions */ = {
			isa = PBXGroup;
			children = (
				DB7946281E59CA1B00E25E82 /* SelfieBotCustomActions.swift */,
			);
			path = Actions;
			sourceTree = "<group>";
		};
		DB79462A1E59DA5300E25E82 /* Decorative */ = {
			isa = PBXGroup;
			children = (
				DB79462B1E59DA5300E25E82 /* GradientView.swift */,
				DB79462C1E59DA5300E25E82 /* PXPColorSpace.swift */,
				DB79462D1E59DA5300E25E82 /* PXPGradientColor.swift */,
			);
			path = Decorative;
			sourceTree = "<group>";
		};
		DDDC4A8CBBA3C548D87132BB /* Pods */ = {
			isa = PBXGroup;
			children = (
				F9751EE0EE157BEF94368CA1 /* Pods-Selfie-Bot.debug.xcconfig */,
				06D8BB993DD9AA94B0F97A39 /* Pods-Selfie-Bot.release.xcconfig */,
			);
			name = Pods;
			sourceTree = "<group>";
		};
/* End PBXGroup section */

/* Begin PBXNativeTarget section */
		DB3A05091E56BD2B0062CBA3 /* Selfie-Bot */ = {
			isa = PBXNativeTarget;
			buildConfigurationList = DB3A051C1E56BD2B0062CBA3 /* Build configuration list for PBXNativeTarget "Selfie-Bot" */;
			buildPhases = (
				F8EBC2BC8F2A8E75C893C4B3 /* [CP] Check Pods Manifest.lock */,
				DB3A05061E56BD2B0062CBA3 /* Sources */,
				DB3A05071E56BD2B0062CBA3 /* Frameworks */,
				DB3A05081E56BD2B0062CBA3 /* Resources */,
				733A566CCACFFE1115827E65 /* [CP] Embed Pods Frameworks */,
				258C839AE55657C7B0079967 /* [CP] Copy Pods Resources */,
			);
			buildRules = (
			);
			dependencies = (
			);
			name = "Selfie-Bot";
			productName = "Selfie-Bot";
			productReference = DB3A050A1E56BD2B0062CBA3 /* Selfie-Bot.app */;
			productType = "com.apple.product-type.application";
		};
/* End PBXNativeTarget section */

/* Begin PBXProject section */
		DB3A05021E56BD2B0062CBA3 /* Project object */ = {
			isa = PBXProject;
			attributes = {
				LastSwiftUpdateCheck = 0820;
				LastUpgradeCheck = 0820;
				ORGANIZATIONNAME = Enabled;
				TargetAttributes = {
					DB3A05091E56BD2B0062CBA3 = {
						CreatedOnToolsVersion = 8.2.1;
						DevelopmentTeam = 78KFAJBHAX;
						ProvisioningStyle = Automatic;
					};
				};
			};
			buildConfigurationList = DB3A05051E56BD2B0062CBA3 /* Build configuration list for PBXProject "Selfie-Bot" */;
			compatibilityVersion = "Xcode 3.2";
			developmentRegion = English;
			hasScannedForEncodings = 0;
			knownRegions = (
				en,
				Base,
			);
			mainGroup = DB3A05011E56BD2B0062CBA3;
			productRefGroup = DB3A050B1E56BD2B0062CBA3 /* Products */;
			projectDirPath = "";
			projectRoot = "";
			targets = (
				DB3A05091E56BD2B0062CBA3 /* Selfie-Bot */,
			);
		};
/* End PBXProject section */

/* Begin PBXResourcesBuildPhase section */
		DB3A05081E56BD2B0062CBA3 /* Resources */ = {
			isa = PBXResourcesBuildPhase;
			buildActionMask = 2147483647;
			files = (
				DB7946221E599E0800E25E82 /* SelfieBot.scn in Resources */,
				F68C6CA81E5AB35F0078C790 /* identityPoolID.txt in Resources */,
				DB1D77941E5C755A00C82170 /* Snap.dae in Resources */,
				DB3A05181E56BD2B0062CBA3 /* LaunchScreen.storyboard in Resources */,
				DB3A05151E56BD2B0062CBA3 /* Assets.xcassets in Resources */,
				DB7946241E599E9E00E25E82 /* SelfieBotBaseColor.png in Resources */,
				DB7946261E59A1F100E25E82 /* SelfieBot.dae in Resources */,
				F6B3E1151E56D668002CFF41 /* testImage.jpg in Resources */,
			);
			runOnlyForDeploymentPostprocessing = 0;
		};
/* End PBXResourcesBuildPhase section */

/* Begin PBXShellScriptBuildPhase section */
		258C839AE55657C7B0079967 /* [CP] Copy Pods Resources */ = {
			isa = PBXShellScriptBuildPhase;
			buildActionMask = 2147483647;
			files = (
			);
			inputPaths = (
			);
			name = "[CP] Copy Pods Resources";
			outputPaths = (
			);
			runOnlyForDeploymentPostprocessing = 0;
			shellPath = /bin/sh;
			shellScript = "\"${SRCROOT}/Pods/Target Support Files/Pods-Selfie-Bot/Pods-Selfie-Bot-resources.sh\"\n";
			showEnvVarsInLog = 0;
		};
		733A566CCACFFE1115827E65 /* [CP] Embed Pods Frameworks */ = {
			isa = PBXShellScriptBuildPhase;
			buildActionMask = 2147483647;
			files = (
			);
			inputPaths = (
			);
			name = "[CP] Embed Pods Frameworks";
			outputPaths = (
			);
			runOnlyForDeploymentPostprocessing = 0;
			shellPath = /bin/sh;
			shellScript = "\"${SRCROOT}/Pods/Target Support Files/Pods-Selfie-Bot/Pods-Selfie-Bot-frameworks.sh\"\n";
			showEnvVarsInLog = 0;
		};
		F8EBC2BC8F2A8E75C893C4B3 /* [CP] Check Pods Manifest.lock */ = {
			isa = PBXShellScriptBuildPhase;
			buildActionMask = 2147483647;
			files = (
			);
			inputPaths = (
			);
			name = "[CP] Check Pods Manifest.lock";
			outputPaths = (
			);
			runOnlyForDeploymentPostprocessing = 0;
			shellPath = /bin/sh;
			shellScript = "diff \"${PODS_ROOT}/../Podfile.lock\" \"${PODS_ROOT}/Manifest.lock\" > /dev/null\nif [ $? != 0 ] ; then\n    # print error to STDERR\n    echo \"error: The sandbox is not in sync with the Podfile.lock. Run 'pod install' or update your CocoaPods installation.\" >&2\n    exit 1\nfi\n";
			showEnvVarsInLog = 0;
		};
/* End PBXShellScriptBuildPhase section */

/* Begin PBXSourcesBuildPhase section */
		DB3A05061E56BD2B0062CBA3 /* Sources */ = {
			isa = PBXSourcesBuildPhase;
			buildActionMask = 2147483647;
			files = (
				DB3A05101E56BD2B0062CBA3 /* ViewController.swift in Sources */,
				F6B3E1171E57125F002CFF41 /* RekognitionManager.swift in Sources */,
				DB1D779A1E5DB5CF00C82170 /* ChatView.swift in Sources */,
				DB1D77A01E5DC7EA00C82170 /* AppState.swift in Sources */,
				DB79462E1E59DA5300E25E82 /* GradientView.swift in Sources */,
				DB79462F1E59DA5300E25E82 /* PXPColorSpace.swift in Sources */,
				DB3A050E1E56BD2B0062CBA3 /* AppDelegate.swift in Sources */,
				DB7946291E59CA1B00E25E82 /* SelfieBotCustomActions.swift in Sources */,
				DB1D779D1E5DC70400C82170 /* SelfieBotState.swift in Sources */,
				DB7946301E59DA5300E25E82 /* PXPGradientColor.swift in Sources */,
				DB3A055E1E570A090062CBA3 /* SelfieBotView.swift in Sources */,
				F60A8A0A1E5EEF00009F0B58 /* ConfidenceBar.swift in Sources */,
				DB1D77971E5C80B000C82170 /* UIImage+Orientation.swift in Sources */,
				AEBD411337C700AE987DBBB5 /* AnalysisView.swift in Sources */,
			);
			runOnlyForDeploymentPostprocessing = 0;
		};
/* End PBXSourcesBuildPhase section */

/* Begin PBXVariantGroup section */
		DB3A05161E56BD2B0062CBA3 /* LaunchScreen.storyboard */ = {
			isa = PBXVariantGroup;
			children = (
				DB3A05171E56BD2B0062CBA3 /* Base */,
			);
			name = LaunchScreen.storyboard;
			sourceTree = "<group>";
		};
/* End PBXVariantGroup section */

/* Begin XCBuildConfiguration section */
		DB3A051A1E56BD2B0062CBA3 /* Debug */ = {
			isa = XCBuildConfiguration;
			buildSettings = {
				ALWAYS_SEARCH_USER_PATHS = NO;
				CLANG_ANALYZER_NONNULL = YES;
				CLANG_CXX_LANGUAGE_STANDARD = "gnu++0x";
				CLANG_CXX_LIBRARY = "libc++";
				CLANG_ENABLE_MODULES = YES;
				CLANG_ENABLE_OBJC_ARC = YES;
				CLANG_WARN_BOOL_CONVERSION = YES;
				CLANG_WARN_CONSTANT_CONVERSION = YES;
				CLANG_WARN_DIRECT_OBJC_ISA_USAGE = YES_ERROR;
				CLANG_WARN_DOCUMENTATION_COMMENTS = YES;
				CLANG_WARN_EMPTY_BODY = YES;
				CLANG_WARN_ENUM_CONVERSION = YES;
				CLANG_WARN_INFINITE_RECURSION = YES;
				CLANG_WARN_INT_CONVERSION = YES;
				CLANG_WARN_OBJC_ROOT_CLASS = YES_ERROR;
				CLANG_WARN_SUSPICIOUS_MOVE = YES;
				CLANG_WARN_UNREACHABLE_CODE = YES;
				CLANG_WARN__DUPLICATE_METHOD_MATCH = YES;
				"CODE_SIGN_IDENTITY[sdk=iphoneos*]" = "iPhone Developer";
				COPY_PHASE_STRIP = NO;
				DEBUG_INFORMATION_FORMAT = dwarf;
				ENABLE_STRICT_OBJC_MSGSEND = YES;
				ENABLE_TESTABILITY = YES;
				GCC_C_LANGUAGE_STANDARD = gnu99;
				GCC_DYNAMIC_NO_PIC = NO;
				GCC_NO_COMMON_BLOCKS = YES;
				GCC_OPTIMIZATION_LEVEL = 0;
				GCC_PREPROCESSOR_DEFINITIONS = (
					"DEBUG=1",
					"$(inherited)",
				);
				GCC_WARN_64_TO_32_BIT_CONVERSION = YES;
				GCC_WARN_ABOUT_RETURN_TYPE = YES_ERROR;
				GCC_WARN_UNDECLARED_SELECTOR = YES;
				GCC_WARN_UNINITIALIZED_AUTOS = YES_AGGRESSIVE;
				GCC_WARN_UNUSED_FUNCTION = YES;
				GCC_WARN_UNUSED_VARIABLE = YES;
				IPHONEOS_DEPLOYMENT_TARGET = 10.2;
				MTL_ENABLE_DEBUG_INFO = YES;
				ONLY_ACTIVE_ARCH = YES;
				SDKROOT = iphoneos;
				SWIFT_ACTIVE_COMPILATION_CONDITIONS = DEBUG;
				SWIFT_OPTIMIZATION_LEVEL = "-Onone";
			};
			name = Debug;
		};
		DB3A051B1E56BD2B0062CBA3 /* Release */ = {
			isa = XCBuildConfiguration;
			buildSettings = {
				ALWAYS_SEARCH_USER_PATHS = NO;
				CLANG_ANALYZER_NONNULL = YES;
				CLANG_CXX_LANGUAGE_STANDARD = "gnu++0x";
				CLANG_CXX_LIBRARY = "libc++";
				CLANG_ENABLE_MODULES = YES;
				CLANG_ENABLE_OBJC_ARC = YES;
				CLANG_WARN_BOOL_CONVERSION = YES;
				CLANG_WARN_CONSTANT_CONVERSION = YES;
				CLANG_WARN_DIRECT_OBJC_ISA_USAGE = YES_ERROR;
				CLANG_WARN_DOCUMENTATION_COMMENTS = YES;
				CLANG_WARN_EMPTY_BODY = YES;
				CLANG_WARN_ENUM_CONVERSION = YES;
				CLANG_WARN_INFINITE_RECURSION = YES;
				CLANG_WARN_INT_CONVERSION = YES;
				CLANG_WARN_OBJC_ROOT_CLASS = YES_ERROR;
				CLANG_WARN_SUSPICIOUS_MOVE = YES;
				CLANG_WARN_UNREACHABLE_CODE = YES;
				CLANG_WARN__DUPLICATE_METHOD_MATCH = YES;
				"CODE_SIGN_IDENTITY[sdk=iphoneos*]" = "iPhone Developer";
				COPY_PHASE_STRIP = NO;
				DEBUG_INFORMATION_FORMAT = "dwarf-with-dsym";
				ENABLE_NS_ASSERTIONS = NO;
				ENABLE_STRICT_OBJC_MSGSEND = YES;
				GCC_C_LANGUAGE_STANDARD = gnu99;
				GCC_NO_COMMON_BLOCKS = YES;
				GCC_WARN_64_TO_32_BIT_CONVERSION = YES;
				GCC_WARN_ABOUT_RETURN_TYPE = YES_ERROR;
				GCC_WARN_UNDECLARED_SELECTOR = YES;
				GCC_WARN_UNINITIALIZED_AUTOS = YES_AGGRESSIVE;
				GCC_WARN_UNUSED_FUNCTION = YES;
				GCC_WARN_UNUSED_VARIABLE = YES;
				IPHONEOS_DEPLOYMENT_TARGET = 10.2;
				MTL_ENABLE_DEBUG_INFO = NO;
				SDKROOT = iphoneos;
				SWIFT_OPTIMIZATION_LEVEL = "-Owholemodule";
				VALIDATE_PRODUCT = YES;
			};
			name = Release;
		};
		DB3A051D1E56BD2B0062CBA3 /* Debug */ = {
			isa = XCBuildConfiguration;
			baseConfigurationReference = F9751EE0EE157BEF94368CA1 /* Pods-Selfie-Bot.debug.xcconfig */;
			buildSettings = {
				ASSETCATALOG_COMPILER_APPICON_NAME = AppIcon;
				"CODE_SIGN_IDENTITY[sdk=iphoneos*]" = "iPhone Developer";
				DEVELOPMENT_TEAM = 78KFAJBHAX;
				INFOPLIST_FILE = "Selfie-Bot/Info.plist";
				LD_RUNPATH_SEARCH_PATHS = "$(inherited) @executable_path/Frameworks";
				PRODUCT_BUNDLE_IDENTIFIER = "com.enabled.Selfie-Bot";
				PRODUCT_NAME = "$(TARGET_NAME)";
				SWIFT_VERSION = 3.0;
			};
			name = Debug;
		};
		DB3A051E1E56BD2B0062CBA3 /* Release */ = {
			isa = XCBuildConfiguration;
			baseConfigurationReference = 06D8BB993DD9AA94B0F97A39 /* Pods-Selfie-Bot.release.xcconfig */;
			buildSettings = {
				ASSETCATALOG_COMPILER_APPICON_NAME = AppIcon;
				"CODE_SIGN_IDENTITY[sdk=iphoneos*]" = "iPhone Developer";
				DEVELOPMENT_TEAM = 78KFAJBHAX;
				INFOPLIST_FILE = "Selfie-Bot/Info.plist";
				LD_RUNPATH_SEARCH_PATHS = "$(inherited) @executable_path/Frameworks";
				PRODUCT_BUNDLE_IDENTIFIER = "com.enabled.Selfie-Bot";
				PRODUCT_NAME = "$(TARGET_NAME)";
				SWIFT_VERSION = 3.0;
			};
			name = Release;
		};
/* End XCBuildConfiguration section */

/* Begin XCConfigurationList section */
		DB3A05051E56BD2B0062CBA3 /* Build configuration list for PBXProject "Selfie-Bot" */ = {
			isa = XCConfigurationList;
			buildConfigurations = (
				DB3A051A1E56BD2B0062CBA3 /* Debug */,
				DB3A051B1E56BD2B0062CBA3 /* Release */,
			);
			defaultConfigurationIsVisible = 0;
			defaultConfigurationName = Release;
		};
		DB3A051C1E56BD2B0062CBA3 /* Build configuration list for PBXNativeTarget "Selfie-Bot" */ = {
			isa = XCConfigurationList;
			buildConfigurations = (
				DB3A051D1E56BD2B0062CBA3 /* Debug */,
				DB3A051E1E56BD2B0062CBA3 /* Release */,
			);
			defaultConfigurationIsVisible = 0;
			defaultConfigurationName = Release;
		};
/* End XCConfigurationList section */
	};
	rootObject = DB3A05021E56BD2B0062CBA3 /* Project object */;
}
